
Microsoft Visual Studio Solution File, Format Version 12.00
# Visual Studio Version 16
VisualStudioVersion = 16.0.31624.102
MinimumVisualStudioVersion = 10.0.40219.1
Project("{9A19103F-16F7-4668-BE54-9A1E7A4F7556}") = "WebApplication4", "WebApplication4\WebApplication4.csproj", "{8F9EE374-EF92-43ED-AB6E-F78024E4834B}"
EndProject
Project("{FAE04EC0-301F-11D3-BF4B-00C04F79EFBC}") = "WebApplication1MVC", "WebApplication1MVC\WebApplication1MVC.csproj", "{AB7CEABB-6DAF-4082-BCBE-1E671B660972}"
EndProject
Global
	GlobalSection(SolutionConfigurationPlatforms) = preSolution
		Debug|Any CPU = Debug|Any CPU
		Release|Any CPU = Release|Any CPU
	EndGlobalSection
	GlobalSection(ProjectConfigurationPlatforms) = postSolution
		{8F9EE374-EF92-43ED-AB6E-F78024E4834B}.Debug|Any CPU.ActiveCfg = Debug|Any CPU
		{8F9EE374-EF92-43ED-AB6E-F78024E4834B}.Debug|Any CPU.Build.0 = Debug|Any CPU
		{8F9EE374-EF92-43ED-AB6E-F78024E4834B}.Release|Any CPU.ActiveCfg = Release|Any CPU
		{8F9EE374-EF92-43ED-AB6E-F78024E4834B}.Release|Any CPU.Build.0 = Release|Any CPU
		{AB7CEABB-6DAF-4082-BCBE-1E671B660972}.Debug|Any CPU.ActiveCfg = Debug|Any CPU
		{AB7CEABB-6DAF-4082-BCBE-1E671B660972}.Debug|Any CPU.Build.0 = Debug|Any CPU
		{AB7CEABB-6DAF-4082-BCBE-1E671B660972}.Release|Any CPU.ActiveCfg = Release|Any CPU
		{AB7CEABB-6DAF-4082-BCBE-1E671B660972}.Release|Any CPU.Build.0 = Release|Any CPU
	EndGlobalSection
	GlobalSection(SolutionProperties) = preSolution
		HideSolutionNode = FALSE
	EndGlobalSection
	GlobalSection(ExtensibilityGlobals) = postSolution
		SolutionGuid = {9E08A41B-5E81-454E-8882-8EC457AB6B60}
	EndGlobalSection
EndGlobal
